
Microsoft Visual Studio Solution File, Format Version 12.00
# Visual Studio Version 16
VisualStudioVersion = 16.0.31112.23
MinimumVisualStudioVersion = 10.0.40219.1
Project("{FAE04EC0-301F-11D3-BF4B-00C04F79EFBC}") = "TimeToGo.WebApp", "TimeToGo.WebApp\TimeToGo.WebApp.csproj", "{6E090B32-6186-4229-B954-112D8EE053D5}"
EndProject
Project("{9A19103F-16F7-4668-BE54-9A1E7A4F7556}") = "Marvin.IDP", "..\Marvin.IDP\Marvin.IDP.csproj", "{F65CE441-433D-4D2F-9684-0EAD22582EDC}"
EndProject
Global
	GlobalSection(SolutionConfigurationPlatforms) = preSolution
		Debug|Any CPU = Debug|Any CPU
		Release|Any CPU = Release|Any CPU
	EndGlobalSection
	GlobalSection(ProjectConfigurationPlatforms) = postSolution
		{6E090B32-6186-4229-B954-112D8EE053D5}.Debug|Any CPU.ActiveCfg = Debug|Any CPU
		{6E090B32-6186-4229-B954-112D8EE053D5}.Debug|Any CPU.Build.0 = Debug|Any CPU
		{6E090B32-6186-4229-B954-112D8EE053D5}.Release|Any CPU.ActiveCfg = Release|Any CPU
		{6E090B32-6186-4229-B954-112D8EE053D5}.Release|Any CPU.Build.0 = Release|Any CPU
		{F65CE441-433D-4D2F-9684-0EAD22582EDC}.Debug|Any CPU.ActiveCfg = Debug|Any CPU
		{F65CE441-433D-4D2F-9684-0EAD22582EDC}.Debug|Any CPU.Build.0 = Debug|Any CPU
		{F65CE441-433D-4D2F-9684-0EAD22582EDC}.Release|Any CPU.ActiveCfg = Release|Any CPU
		{F65CE441-433D-4D2F-9684-0EAD22582EDC}.Release|Any CPU.Build.0 = Release|Any CPU
	EndGlobalSection
	GlobalSection(SolutionProperties) = preSolution
		HideSolutionNode = FALSE
	EndGlobalSection
	GlobalSection(ExtensibilityGlobals) = postSolution
		SolutionGuid = {3D0C31B8-B866-455F-996B-2117035E6065}
	EndGlobalSection
EndGlobal
