
Microsoft Visual Studio Solution File, Format Version 12.00
# Visual Studio Version 17
VisualStudioVersion = 17.4.33213.308
MinimumVisualStudioVersion = 10.0.40219.1
Project("{9A19103F-16F7-4668-BE54-9A1E7A4F7556}") = "TimeToGo2.WebApp", "TimeToGo2.WebApp\TimeToGo2.WebApp.csproj", "{9C759A89-D8D6-4C13-89E8-0ED69DF2710F}"
EndProject
Project("{9A19103F-16F7-4668-BE54-9A1E7A4F7556}") = "TimeToGo2.Tests", "..\TimeToGo2.Tests\TimeToGo2.Tests.csproj", "{B903C26E-7536-409B-B7D7-2D9BB53FE610}"
EndProject
Global
	GlobalSection(SolutionConfigurationPlatforms) = preSolution
		Debug|Any CPU = Debug|Any CPU
		Release|Any CPU = Release|Any CPU
	EndGlobalSection
	GlobalSection(ProjectConfigurationPlatforms) = postSolution
		{9C759A89-D8D6-4C13-89E8-0ED69DF2710F}.Debug|Any CPU.ActiveCfg = Debug|Any CPU
		{9C759A89-D8D6-4C13-89E8-0ED69DF2710F}.Debug|Any CPU.Build.0 = Debug|Any CPU
		{9C759A89-D8D6-4C13-89E8-0ED69DF2710F}.Release|Any CPU.ActiveCfg = Release|Any CPU
		{9C759A89-D8D6-4C13-89E8-0ED69DF2710F}.Release|Any CPU.Build.0 = Release|Any CPU
		{B903C26E-7536-409B-B7D7-2D9BB53FE610}.Debug|Any CPU.ActiveCfg = Debug|Any CPU
		{B903C26E-7536-409B-B7D7-2D9BB53FE610}.Debug|Any CPU.Build.0 = Debug|Any CPU
		{B903C26E-7536-409B-B7D7-2D9BB53FE610}.Release|Any CPU.ActiveCfg = Release|Any CPU
		{B903C26E-7536-409B-B7D7-2D9BB53FE610}.Release|Any CPU.Build.0 = Release|Any CPU
	EndGlobalSection
	GlobalSection(SolutionProperties) = preSolution
		HideSolutionNode = FALSE
	EndGlobalSection
	GlobalSection(ExtensibilityGlobals) = postSolution
		SolutionGuid = {32D82F28-26EA-45BD-9C91-CD35F46D1D02}
	EndGlobalSection
EndGlobal
